// !$*UTF8*$!
{
	archiveVersion = 1;
	classes = {
	};
	objectVersion = 51;
	objects = {

/* Begin PBXBuildFile section */
		191E61469B4887E184B47EC1 /* Pods_Snapshot.framework in Frameworks */ = {isa = PBXBuildFile; fileRef = 1561BF0E2451F4513BA4B6DF /* Pods_Snapshot.framework */; };
		7905670C25CBF9AE00770E72 /* Credits in Resources */ = {isa = PBXBuildFile; fileRef = 7905670B25CBF9AE00770E72 /* Credits */; };
		790CE9C225F72654009D0AD9 /* TreasureHuntPlayViewController.swift in Sources */ = {isa = PBXBuildFile; fileRef = 790CE9C125F72654009D0AD9 /* TreasureHuntPlayViewController.swift */; };
		790CE9CA25F72661009D0AD9 /* TreasureHuntPlayLayout.swift in Sources */ = {isa = PBXBuildFile; fileRef = 790CE9C925F72661009D0AD9 /* TreasureHuntPlayLayout.swift */; };
		790CE9D025F75338009D0AD9 /* TreasureHuntPlaythrough.swift in Sources */ = {isa = PBXBuildFile; fileRef = 790CE9CF25F75338009D0AD9 /* TreasureHuntPlaythrough.swift */; };
		790CE9D925F761F1009D0AD9 /* FullClueView.swift in Sources */ = {isa = PBXBuildFile; fileRef = 790CE9D825F761F1009D0AD9 /* FullClueView.swift */; };
		790CE9DE25F76411009D0AD9 /* FullClueLayout.swift in Sources */ = {isa = PBXBuildFile; fileRef = 790CE9DD25F76411009D0AD9 /* FullClueLayout.swift */; };
		791A5929261921CF0032ECD9 /* Amplify.swift in Sources */ = {isa = PBXBuildFile; fileRef = 791A5928261921CF0032ECD9 /* Amplify.swift */; };
		791A5958261A40A90032ECD9 /* LoginPageController.swift in Sources */ = {isa = PBXBuildFile; fileRef = 791A5957261A40A90032ECD9 /* LoginPageController.swift */; };
		791A5960261A41360032ECD9 /* LoginPageLayout.swift in Sources */ = {isa = PBXBuildFile; fileRef = 791A595F261A41360032ECD9 /* LoginPageLayout.swift */; };
		791A5968261A41B20032ECD9 /* AccountUtil.swift in Sources */ = {isa = PBXBuildFile; fileRef = 791A5967261A41B20032ECD9 /* AccountUtil.swift */; };
		791A5970261A76A90032ECD9 /* AccountPageController.swift in Sources */ = {isa = PBXBuildFile; fileRef = 791A596F261A76A90032ECD9 /* AccountPageController.swift */; };
		791A5975261A787A0032ECD9 /* AccountPageLayout.swift in Sources */ = {isa = PBXBuildFile; fileRef = 791A5974261A787A0032ECD9 /* AccountPageLayout.swift */; };
		792035AE197915ACFAD10098 /* Pods_SnapshotTests.framework in Frameworks */ = {isa = PBXBuildFile; fileRef = 6B26D0F4C216BF82D820D0F8 /* Pods_SnapshotTests.framework */; };
		79521030260C5B5800D642CF /* LaunchScreenController.swift in Sources */ = {isa = PBXBuildFile; fileRef = 7952102F260C5B5800D642CF /* LaunchScreenController.swift */; };
		79595A4025E37C3B00717873 /* NewMemoryViewLayout.swift in Sources */ = {isa = PBXBuildFile; fileRef = 79595A3E25E37C3B00717873 /* NewMemoryViewLayout.swift */; };
		79595A4125E37C3B00717873 /* NewMemoryView.swift in Sources */ = {isa = PBXBuildFile; fileRef = 79595A3F25E37C3B00717873 /* NewMemoryView.swift */; };
		79595A4A25E37C6600717873 /* MemoryMapView.swift in Sources */ = {isa = PBXBuildFile; fileRef = 79595A4925E37C6600717873 /* MemoryMapView.swift */; };
		796CFBA52612F59D0064D661 /* Test cases in Resources */ = {isa = PBXBuildFile; fileRef = 796CFBA42612F59D0064D661 /* Test cases */; };
		796CFBAA261442EA0064D661 /* UILayout.swift in Sources */ = {isa = PBXBuildFile; fileRef = 796CFBA9261442EA0064D661 /* UILayout.swift */; };
		79866D7726393F3800D09B41 /* awsconfiguration.json in Resources */ = {isa = PBXBuildFile; fileRef = 79866D7526393F3800D09B41 /* awsconfiguration.json */; };
		79866D7826393F3800D09B41 /* amplifyconfiguration.json in Resources */ = {isa = PBXBuildFile; fileRef = 79866D7626393F3800D09B41 /* amplifyconfiguration.json */; };
		79866D83263DFF1700D09B41 /* NewAccountController.swift in Sources */ = {isa = PBXBuildFile; fileRef = 79866D82263DFF1700D09B41 /* NewAccountController.swift */; };
		79A400A825EDE771004F7596 /* NavigationBarView.swift in Sources */ = {isa = PBXBuildFile; fileRef = 79A400A725EDE771004F7596 /* NavigationBarView.swift */; };
		79A400B025EDEA1B004F7596 /* NavigationBarViewLayout.swift in Sources */ = {isa = PBXBuildFile; fileRef = 79A400AF25EDEA1B004F7596 /* NavigationBarViewLayout.swift */; };
		79A400B625EDF1EE004F7596 /* EditHuntViewController.swift in Sources */ = {isa = PBXBuildFile; fileRef = 79A400B525EDF1EE004F7596 /* EditHuntViewController.swift */; };
		79A400BF25EDF3F0004F7596 /* ScrollableStackView.swift in Sources */ = {isa = PBXBuildFile; fileRef = 79A400BE25EDF3F0004F7596 /* ScrollableStackView.swift */; };
		79A400C425EDF544004F7596 /* EditHuntViewLayout.swift in Sources */ = {isa = PBXBuildFile; fileRef = 79A400C325EDF544004F7596 /* EditHuntViewLayout.swift */; };
		79A400CA25EE0EE4004F7596 /* ClueListRowView.swift in Sources */ = {isa = PBXBuildFile; fileRef = 79A400C925EE0EE4004F7596 /* ClueListRowView.swift */; };
		79A400CF25EE0F70004F7596 /* ClueListRowViewLayout.swift in Sources */ = {isa = PBXBuildFile; fileRef = 79A400CE25EE0F70004F7596 /* ClueListRowViewLayout.swift */; };
		79B0854725F208C100F0868C /* EditClueViewController.swift in Sources */ = {isa = PBXBuildFile; fileRef = 79B0854625F208C100F0868C /* EditClueViewController.swift */; };
		79B0854C25F20C5B00F0868C /* EditClueViewLayout.swift in Sources */ = {isa = PBXBuildFile; fileRef = 79B0854B25F20C5B00F0868C /* EditClueViewLayout.swift */; };
		79B0855C25F61C2200F0868C /* PopupOptionsView.swift in Sources */ = {isa = PBXBuildFile; fileRef = 79B0855B25F61C2200F0868C /* PopupOptionsView.swift */; };
		79B289A825FF4438006615D3 /* EditHuntPreferencesController.swift in Sources */ = {isa = PBXBuildFile; fileRef = 79B289A725FF4438006615D3 /* EditHuntPreferencesController.swift */; };
		79B289B025FF4449006615D3 /* EditHuntPreferencesLayout.swift in Sources */ = {isa = PBXBuildFile; fileRef = 79B289AF25FF4449006615D3 /* EditHuntPreferencesLayout.swift */; };
		79B289B62601DA4E006615D3 /* InformationButton.swift in Sources */ = {isa = PBXBuildFile; fileRef = 79B289B52601DA4E006615D3 /* InformationButton.swift */; };
		79BB336525E0D3140085A15D /* UserPreferences.swift in Sources */ = {isa = PBXBuildFile; fileRef = 79BB336425E0D3140085A15D /* UserPreferences.swift */; };
		79D0D402263E1318003987E2 /* NewAccountLayout.swift in Sources */ = {isa = PBXBuildFile; fileRef = 79D0D401263E1318003987E2 /* NewAccountLayout.swift */; };
		79D0D407263E1D66003987E2 /* TextFieldUtil.swift in Sources */ = {isa = PBXBuildFile; fileRef = 79D0D406263E1D66003987E2 /* TextFieldUtil.swift */; };
		79D0D40C263E1FD2003987E2 /* ConfirmAccountController.swift in Sources */ = {isa = PBXBuildFile; fileRef = 79D0D40B263E1FD2003987E2 /* ConfirmAccountController.swift */; };
		79D0D411263E1FDC003987E2 /* ConfirmAccountLayout.swift in Sources */ = {isa = PBXBuildFile; fileRef = 79D0D410263E1FDC003987E2 /* ConfirmAccountLayout.swift */; };
		79E1A9D925E3905D00FEE672 /* Globals.swift in Sources */ = {isa = PBXBuildFile; fileRef = 79E1A9D825E3905D00FEE672 /* Globals.swift */; };
		79E1A9E125E3A5D100FEE672 /* ActiveUser.swift in Sources */ = {isa = PBXBuildFile; fileRef = 79E1A9E025E3A5D100FEE672 /* ActiveUser.swift */; };
		79E1A9EC25E503E500FEE672 /* SnapshotCalloutView.swift in Sources */ = {isa = PBXBuildFile; fileRef = 79E1A9EB25E503E500FEE672 /* SnapshotCalloutView.swift */; };
		79E1A9F125E503F700FEE672 /* SnapshotCalloutViewLayout.swift in Sources */ = {isa = PBXBuildFile; fileRef = 79E1A9F025E503F700FEE672 /* SnapshotCalloutViewLayout.swift */; };
		79E1A9F925E7218D00FEE672 /* DateUtil.swift in Sources */ = {isa = PBXBuildFile; fileRef = 79E1A9F825E7218D00FEE672 /* DateUtil.swift */; };
		79E1AA0125E86E2F00FEE672 /* Todos in Resources */ = {isa = PBXBuildFile; fileRef = 79E1AA0025E86E2F00FEE672 /* Todos */; };
		79E1AA1125E87FCA00FEE672 /* MathUtil.swift in Sources */ = {isa = PBXBuildFile; fileRef = 79E1AA1025E87FCA00FEE672 /* MathUtil.swift */; };
		79E1AA1625E8A75C00FEE672 /* Animations.swift in Sources */ = {isa = PBXBuildFile; fileRef = 79E1AA1525E8A75C00FEE672 /* Animations.swift */; };
		79E1AA1C25E8AA6D00FEE672 /* FullImageView.swift in Sources */ = {isa = PBXBuildFile; fileRef = 79E1AA1B25E8AA6D00FEE672 /* FullImageView.swift */; };
		79E2F21325DD25D800F872D7 /* Snapshot.swift in Sources */ = {isa = PBXBuildFile; fileRef = 79E2F21225DD25D800F872D7 /* Snapshot.swift */; };
		79E2F21825DD271800F872D7 /* SnapshotCollection.swift in Sources */ = {isa = PBXBuildFile; fileRef = 79E2F21725DD271800F872D7 /* SnapshotCollection.swift */; };
		79E2F22325DD293C00F872D7 /* User.swift in Sources */ = {isa = PBXBuildFile; fileRef = 79E2F22225DD293C00F872D7 /* User.swift */; };
		79E7838025C9493A002DC72C /* AppDelegate.swift in Sources */ = {isa = PBXBuildFile; fileRef = 79E7837F25C9493A002DC72C /* AppDelegate.swift */; };
		79E7838225C9493A002DC72C /* SceneDelegate.swift in Sources */ = {isa = PBXBuildFile; fileRef = 79E7838125C9493A002DC72C /* SceneDelegate.swift */; };
		79E7838725C9493A002DC72C /* Main.storyboard in Resources */ = {isa = PBXBuildFile; fileRef = 79E7838525C9493A002DC72C /* Main.storyboard */; };
		79E7838925C9493C002DC72C /* Assets.xcassets in Resources */ = {isa = PBXBuildFile; fileRef = 79E7838825C9493C002DC72C /* Assets.xcassets */; };
		79E7838C25C9493C002DC72C /* LaunchScreen.storyboard in Resources */ = {isa = PBXBuildFile; fileRef = 79E7838A25C9493C002DC72C /* LaunchScreen.storyboard */; };
		79E7839725C9493C002DC72C /* SnapshotTests.swift in Sources */ = {isa = PBXBuildFile; fileRef = 79E7839625C9493C002DC72C /* SnapshotTests.swift */; };
		79E783A225C9493D002DC72C /* SnapshotUITests.swift in Sources */ = {isa = PBXBuildFile; fileRef = 79E783A125C9493D002DC72C /* SnapshotUITests.swift */; };
		79E783B525C9499E002DC72C /* MapViewController.swift in Sources */ = {isa = PBXBuildFile; fileRef = 79E783B425C9499E002DC72C /* MapViewController.swift */; };
		79E783BE25C94AF8002DC72C /* MapViewLayout.swift in Sources */ = {isa = PBXBuildFile; fileRef = 79E783BD25C94AF8002DC72C /* MapViewLayout.swift */; };
		79E783C725C94C81002DC72C /* LayoutUtil.swift in Sources */ = {isa = PBXBuildFile; fileRef = 79E783C525C94C81002DC72C /* LayoutUtil.swift */; };
		79E783CC25C94CC1002DC72C /* ThemesUtil.swift in Sources */ = {isa = PBXBuildFile; fileRef = 79E783CB25C94CC1002DC72C /* ThemesUtil.swift */; };
		79F3060325E9BF7200A445A1 /* LocationUtil.swift in Sources */ = {isa = PBXBuildFile; fileRef = 79F3060225E9BF7200A445A1 /* LocationUtil.swift */; };
		79F3060C25EC31D400A445A1 /* MainMenuViewController.swift in Sources */ = {isa = PBXBuildFile; fileRef = 79F3060B25EC31D400A445A1 /* MainMenuViewController.swift */; };
		79F3061125EC31E500A445A1 /* MainMenuViewLayout.swift in Sources */ = {isa = PBXBuildFile; fileRef = 79F3061025EC31E500A445A1 /* MainMenuViewLayout.swift */; };
		79F3061625EC3B3B00A445A1 /* ControlUtil.swift in Sources */ = {isa = PBXBuildFile; fileRef = 79F3061525EC3B3B00A445A1 /* ControlUtil.swift */; };
		79F3062525EC6EC600A445A1 /* TreasureHuntCollectionViewController.swift in Sources */ = {isa = PBXBuildFile; fileRef = 79F3062425EC6EC600A445A1 /* TreasureHuntCollectionViewController.swift */; };
		79F3062A25EC6EE000A445A1 /* TreasureHuntCollectionViewLayout.swift in Sources */ = {isa = PBXBuildFile; fileRef = 79F3062925EC6EE000A445A1 /* TreasureHuntCollectionViewLayout.swift */; };
		79F3063325EC75FD00A445A1 /* TreasureHuntCollection.swift in Sources */ = {isa = PBXBuildFile; fileRef = 79F3063225EC75FD00A445A1 /* TreasureHuntCollection.swift */; };
		79F3063F25EC763200A445A1 /* TreasureHunt.swift in Sources */ = {isa = PBXBuildFile; fileRef = 79F3063E25EC763200A445A1 /* TreasureHunt.swift */; };
		79F3064725EC763900A445A1 /* Clue.swift in Sources */ = {isa = PBXBuildFile; fileRef = 79F3064625EC763900A445A1 /* Clue.swift */; };
		79FAB5F82609A92C008BA73C /* MemoryCollectionController.swift in Sources */ = {isa = PBXBuildFile; fileRef = 79FAB5F72609A92C008BA73C /* MemoryCollectionController.swift */; };
		79FAB5FD2609A938008BA73C /* MemoryCollectionLayout.swift in Sources */ = {isa = PBXBuildFile; fileRef = 79FAB5FC2609A938008BA73C /* MemoryCollectionLayout.swift */; };
		7FF9D78E9F7C3C0BBABB59E9 /* Pods_Snapshot_SnapshotUITests.framework in Frameworks */ = {isa = PBXBuildFile; fileRef = 04BD6D494D9ECCDD9BF09117 /* Pods_Snapshot_SnapshotUITests.framework */; };
/* End PBXBuildFile section */

/* Begin PBXContainerItemProxy section */
		79E7839325C9493C002DC72C /* PBXContainerItemProxy */ = {
			isa = PBXContainerItemProxy;
			containerPortal = 79E7837425C9493A002DC72C /* Project object */;
			proxyType = 1;
			remoteGlobalIDString = 79E7837B25C9493A002DC72C;
			remoteInfo = Snapshot;
		};
		79E7839E25C9493D002DC72C /* PBXContainerItemProxy */ = {
			isa = PBXContainerItemProxy;
			containerPortal = 79E7837425C9493A002DC72C /* Project object */;
			proxyType = 1;
			remoteGlobalIDString = 79E7837B25C9493A002DC72C;
			remoteInfo = Snapshot;
		};
/* End PBXContainerItemProxy section */

/* Begin PBXFileReference section */
		04BD6D494D9ECCDD9BF09117 /* Pods_Snapshot_SnapshotUITests.framework */ = {isa = PBXFileReference; explicitFileType = wrapper.framework; includeInIndex = 0; path = Pods_Snapshot_SnapshotUITests.framework; sourceTree = BUILT_PRODUCTS_DIR; };
		0AA9B7E3558275203426D7F5 /* Pods-Snapshot-SnapshotUITests.debug.xcconfig */ = {isa = PBXFileReference; includeInIndex = 1; lastKnownFileType = text.xcconfig; name = "Pods-Snapshot-SnapshotUITests.debug.xcconfig"; path = "Target Support Files/Pods-Snapshot-SnapshotUITests/Pods-Snapshot-SnapshotUITests.debug.xcconfig"; sourceTree = "<group>"; };
		1561BF0E2451F4513BA4B6DF /* Pods_Snapshot.framework */ = {isa = PBXFileReference; explicitFileType = wrapper.framework; includeInIndex = 0; path = Pods_Snapshot.framework; sourceTree = BUILT_PRODUCTS_DIR; };
		57B7C55645D471479B415B88 /* Pods-SnapshotTests.release.xcconfig */ = {isa = PBXFileReference; includeInIndex = 1; lastKnownFileType = text.xcconfig; name = "Pods-SnapshotTests.release.xcconfig"; path = "Target Support Files/Pods-SnapshotTests/Pods-SnapshotTests.release.xcconfig"; sourceTree = "<group>"; };
		6B26D0F4C216BF82D820D0F8 /* Pods_SnapshotTests.framework */ = {isa = PBXFileReference; explicitFileType = wrapper.framework; includeInIndex = 0; path = Pods_SnapshotTests.framework; sourceTree = BUILT_PRODUCTS_DIR; };
		6C6B686C7C2FC70549AD0853 /* Pods-Snapshot-SnapshotUITests.release.xcconfig */ = {isa = PBXFileReference; includeInIndex = 1; lastKnownFileType = text.xcconfig; name = "Pods-Snapshot-SnapshotUITests.release.xcconfig"; path = "Target Support Files/Pods-Snapshot-SnapshotUITests/Pods-Snapshot-SnapshotUITests.release.xcconfig"; sourceTree = "<group>"; };
		7905670B25CBF9AE00770E72 /* Credits */ = {isa = PBXFileReference; lastKnownFileType = text; path = Credits; sourceTree = "<group>"; };
		790CE9C125F72654009D0AD9 /* TreasureHuntPlayViewController.swift */ = {isa = PBXFileReference; lastKnownFileType = sourcecode.swift; path = TreasureHuntPlayViewController.swift; sourceTree = "<group>"; };
		790CE9C925F72661009D0AD9 /* TreasureHuntPlayLayout.swift */ = {isa = PBXFileReference; lastKnownFileType = sourcecode.swift; path = TreasureHuntPlayLayout.swift; sourceTree = "<group>"; };
		790CE9CF25F75338009D0AD9 /* TreasureHuntPlaythrough.swift */ = {isa = PBXFileReference; lastKnownFileType = sourcecode.swift; path = TreasureHuntPlaythrough.swift; sourceTree = "<group>"; };
		790CE9D825F761F1009D0AD9 /* FullClueView.swift */ = {isa = PBXFileReference; lastKnownFileType = sourcecode.swift; path = FullClueView.swift; sourceTree = "<group>"; };
		790CE9DD25F76411009D0AD9 /* FullClueLayout.swift */ = {isa = PBXFileReference; lastKnownFileType = sourcecode.swift; path = FullClueLayout.swift; sourceTree = "<group>"; };
		791A5928261921CF0032ECD9 /* Amplify.swift */ = {isa = PBXFileReference; lastKnownFileType = sourcecode.swift; path = Amplify.swift; sourceTree = "<group>"; };
		791A5957261A40A90032ECD9 /* LoginPageController.swift */ = {isa = PBXFileReference; lastKnownFileType = sourcecode.swift; path = LoginPageController.swift; sourceTree = "<group>"; };
		791A595F261A41360032ECD9 /* LoginPageLayout.swift */ = {isa = PBXFileReference; lastKnownFileType = sourcecode.swift; path = LoginPageLayout.swift; sourceTree = "<group>"; };
		791A5967261A41B20032ECD9 /* AccountUtil.swift */ = {isa = PBXFileReference; fileEncoding = 4; lastKnownFileType = sourcecode.swift; path = AccountUtil.swift; sourceTree = "<group>"; };
		791A596F261A76A90032ECD9 /* AccountPageController.swift */ = {isa = PBXFileReference; lastKnownFileType = sourcecode.swift; path = AccountPageController.swift; sourceTree = "<group>"; };
		791A5974261A787A0032ECD9 /* AccountPageLayout.swift */ = {isa = PBXFileReference; lastKnownFileType = sourcecode.swift; path = AccountPageLayout.swift; sourceTree = "<group>"; };
		7952102F260C5B5800D642CF /* LaunchScreenController.swift */ = {isa = PBXFileReference; lastKnownFileType = sourcecode.swift; path = LaunchScreenController.swift; sourceTree = "<group>"; };
		79595A3E25E37C3B00717873 /* NewMemoryViewLayout.swift */ = {isa = PBXFileReference; fileEncoding = 4; lastKnownFileType = sourcecode.swift; path = NewMemoryViewLayout.swift; sourceTree = "<group>"; };
		79595A3F25E37C3B00717873 /* NewMemoryView.swift */ = {isa = PBXFileReference; fileEncoding = 4; lastKnownFileType = sourcecode.swift; path = NewMemoryView.swift; sourceTree = "<group>"; };
		79595A4925E37C6600717873 /* MemoryMapView.swift */ = {isa = PBXFileReference; fileEncoding = 4; lastKnownFileType = sourcecode.swift; path = MemoryMapView.swift; sourceTree = "<group>"; };
		796CFBA42612F59D0064D661 /* Test cases */ = {isa = PBXFileReference; lastKnownFileType = text; path = "Test cases"; sourceTree = "<group>"; };
		796CFBA9261442EA0064D661 /* UILayout.swift */ = {isa = PBXFileReference; lastKnownFileType = sourcecode.swift; path = UILayout.swift; sourceTree = "<group>"; };
		79866D7526393F3800D09B41 /* awsconfiguration.json */ = {isa = PBXFileReference; fileEncoding = 4; lastKnownFileType = text.json; path = awsconfiguration.json; sourceTree = SOURCE_ROOT; };
		79866D7626393F3800D09B41 /* amplifyconfiguration.json */ = {isa = PBXFileReference; fileEncoding = 4; lastKnownFileType = text.json; path = amplifyconfiguration.json; sourceTree = SOURCE_ROOT; };
		79866D82263DFF1700D09B41 /* NewAccountController.swift */ = {isa = PBXFileReference; lastKnownFileType = sourcecode.swift; name = NewAccountController.swift; path = "Snapshot/Scenes/Account/New Account/NewAccountController.swift"; sourceTree = SOURCE_ROOT; };
		79A400A725EDE771004F7596 /* NavigationBarView.swift */ = {isa = PBXFileReference; lastKnownFileType = sourcecode.swift; path = NavigationBarView.swift; sourceTree = "<group>"; };
		79A400AF25EDEA1B004F7596 /* NavigationBarViewLayout.swift */ = {isa = PBXFileReference; lastKnownFileType = sourcecode.swift; path = NavigationBarViewLayout.swift; sourceTree = "<group>"; };
		79A400B525EDF1EE004F7596 /* EditHuntViewController.swift */ = {isa = PBXFileReference; lastKnownFileType = sourcecode.swift; path = EditHuntViewController.swift; sourceTree = "<group>"; };
		79A400BE25EDF3F0004F7596 /* ScrollableStackView.swift */ = {isa = PBXFileReference; lastKnownFileType = sourcecode.swift; path = ScrollableStackView.swift; sourceTree = "<group>"; };
		79A400C325EDF544004F7596 /* EditHuntViewLayout.swift */ = {isa = PBXFileReference; lastKnownFileType = sourcecode.swift; path = EditHuntViewLayout.swift; sourceTree = "<group>"; };
		79A400C925EE0EE4004F7596 /* ClueListRowView.swift */ = {isa = PBXFileReference; lastKnownFileType = sourcecode.swift; path = ClueListRowView.swift; sourceTree = "<group>"; };
		79A400CE25EE0F70004F7596 /* ClueListRowViewLayout.swift */ = {isa = PBXFileReference; lastKnownFileType = sourcecode.swift; path = ClueListRowViewLayout.swift; sourceTree = "<group>"; };
		79B0854625F208C100F0868C /* EditClueViewController.swift */ = {isa = PBXFileReference; lastKnownFileType = sourcecode.swift; path = EditClueViewController.swift; sourceTree = "<group>"; };
		79B0854B25F20C5B00F0868C /* EditClueViewLayout.swift */ = {isa = PBXFileReference; lastKnownFileType = sourcecode.swift; path = EditClueViewLayout.swift; sourceTree = "<group>"; };
		79B0855B25F61C2200F0868C /* PopupOptionsView.swift */ = {isa = PBXFileReference; lastKnownFileType = sourcecode.swift; path = PopupOptionsView.swift; sourceTree = "<group>"; };
		79B289A725FF4438006615D3 /* EditHuntPreferencesController.swift */ = {isa = PBXFileReference; lastKnownFileType = sourcecode.swift; path = EditHuntPreferencesController.swift; sourceTree = "<group>"; };
		79B289AF25FF4449006615D3 /* EditHuntPreferencesLayout.swift */ = {isa = PBXFileReference; lastKnownFileType = sourcecode.swift; path = EditHuntPreferencesLayout.swift; sourceTree = "<group>"; };
		79B289B52601DA4E006615D3 /* InformationButton.swift */ = {isa = PBXFileReference; lastKnownFileType = sourcecode.swift; path = InformationButton.swift; sourceTree = "<group>"; };
		79BB336425E0D3140085A15D /* UserPreferences.swift */ = {isa = PBXFileReference; lastKnownFileType = sourcecode.swift; path = UserPreferences.swift; sourceTree = "<group>"; };
		79D0D401263E1318003987E2 /* NewAccountLayout.swift */ = {isa = PBXFileReference; lastKnownFileType = sourcecode.swift; path = NewAccountLayout.swift; sourceTree = "<group>"; };
		79D0D406263E1D66003987E2 /* TextFieldUtil.swift */ = {isa = PBXFileReference; lastKnownFileType = sourcecode.swift; path = TextFieldUtil.swift; sourceTree = "<group>"; };
		79D0D40B263E1FD2003987E2 /* ConfirmAccountController.swift */ = {isa = PBXFileReference; lastKnownFileType = sourcecode.swift; path = ConfirmAccountController.swift; sourceTree = "<group>"; };
		79D0D410263E1FDC003987E2 /* ConfirmAccountLayout.swift */ = {isa = PBXFileReference; lastKnownFileType = sourcecode.swift; path = ConfirmAccountLayout.swift; sourceTree = "<group>"; };
		79E1A9D825E3905D00FEE672 /* Globals.swift */ = {isa = PBXFileReference; lastKnownFileType = sourcecode.swift; path = Globals.swift; sourceTree = "<group>"; };
		79E1A9E025E3A5D100FEE672 /* ActiveUser.swift */ = {isa = PBXFileReference; fileEncoding = 4; lastKnownFileType = sourcecode.swift; path = ActiveUser.swift; sourceTree = "<group>"; };
		79E1A9EB25E503E500FEE672 /* SnapshotCalloutView.swift */ = {isa = PBXFileReference; lastKnownFileType = sourcecode.swift; path = SnapshotCalloutView.swift; sourceTree = "<group>"; };
		79E1A9F025E503F700FEE672 /* SnapshotCalloutViewLayout.swift */ = {isa = PBXFileReference; lastKnownFileType = sourcecode.swift; path = SnapshotCalloutViewLayout.swift; sourceTree = "<group>"; };
		79E1A9F825E7218D00FEE672 /* DateUtil.swift */ = {isa = PBXFileReference; lastKnownFileType = sourcecode.swift; path = DateUtil.swift; sourceTree = "<group>"; };
		79E1AA0025E86E2F00FEE672 /* Todos */ = {isa = PBXFileReference; lastKnownFileType = text; path = Todos; sourceTree = "<group>"; };
		79E1AA1025E87FCA00FEE672 /* MathUtil.swift */ = {isa = PBXFileReference; lastKnownFileType = sourcecode.swift; path = MathUtil.swift; sourceTree = "<group>"; };
		79E1AA1525E8A75C00FEE672 /* Animations.swift */ = {isa = PBXFileReference; lastKnownFileType = sourcecode.swift; path = Animations.swift; sourceTree = "<group>"; };
		79E1AA1B25E8AA6D00FEE672 /* FullImageView.swift */ = {isa = PBXFileReference; lastKnownFileType = sourcecode.swift; path = FullImageView.swift; sourceTree = "<group>"; };
		79E2F21225DD25D800F872D7 /* Snapshot.swift */ = {isa = PBXFileReference; lastKnownFileType = sourcecode.swift; path = Snapshot.swift; sourceTree = "<group>"; };
		79E2F21725DD271800F872D7 /* SnapshotCollection.swift */ = {isa = PBXFileReference; lastKnownFileType = sourcecode.swift; path = SnapshotCollection.swift; sourceTree = "<group>"; };
		79E2F22225DD293C00F872D7 /* User.swift */ = {isa = PBXFileReference; lastKnownFileType = sourcecode.swift; path = User.swift; sourceTree = "<group>"; };
		79E7837C25C9493A002DC72C /* Snapshot.app */ = {isa = PBXFileReference; explicitFileType = wrapper.application; includeInIndex = 0; path = Snapshot.app; sourceTree = BUILT_PRODUCTS_DIR; };
		79E7837F25C9493A002DC72C /* AppDelegate.swift */ = {isa = PBXFileReference; lastKnownFileType = sourcecode.swift; path = AppDelegate.swift; sourceTree = "<group>"; };
		79E7838125C9493A002DC72C /* SceneDelegate.swift */ = {isa = PBXFileReference; lastKnownFileType = sourcecode.swift; path = SceneDelegate.swift; sourceTree = "<group>"; };
		79E7838625C9493A002DC72C /* Base */ = {isa = PBXFileReference; lastKnownFileType = file.storyboard; name = Base; path = Base.lproj/Main.storyboard; sourceTree = "<group>"; };
		79E7838825C9493C002DC72C /* Assets.xcassets */ = {isa = PBXFileReference; lastKnownFileType = folder.assetcatalog; path = Assets.xcassets; sourceTree = "<group>"; };
		79E7838B25C9493C002DC72C /* Base */ = {isa = PBXFileReference; lastKnownFileType = file.storyboard; name = Base; path = Base.lproj/LaunchScreen.storyboard; sourceTree = "<group>"; };
		79E7838D25C9493C002DC72C /* Info.plist */ = {isa = PBXFileReference; lastKnownFileType = text.plist.xml; path = Info.plist; sourceTree = "<group>"; };
		79E7839225C9493C002DC72C /* SnapshotTests.xctest */ = {isa = PBXFileReference; explicitFileType = wrapper.cfbundle; includeInIndex = 0; path = SnapshotTests.xctest; sourceTree = BUILT_PRODUCTS_DIR; };
		79E7839625C9493C002DC72C /* SnapshotTests.swift */ = {isa = PBXFileReference; lastKnownFileType = sourcecode.swift; path = SnapshotTests.swift; sourceTree = "<group>"; };
		79E7839825C9493C002DC72C /* Info.plist */ = {isa = PBXFileReference; lastKnownFileType = text.plist.xml; path = Info.plist; sourceTree = "<group>"; };
		79E7839D25C9493D002DC72C /* SnapshotUITests.xctest */ = {isa = PBXFileReference; explicitFileType = wrapper.cfbundle; includeInIndex = 0; path = SnapshotUITests.xctest; sourceTree = BUILT_PRODUCTS_DIR; };
		79E783A125C9493D002DC72C /* SnapshotUITests.swift */ = {isa = PBXFileReference; lastKnownFileType = sourcecode.swift; path = SnapshotUITests.swift; sourceTree = "<group>"; };
		79E783A325C9493D002DC72C /* Info.plist */ = {isa = PBXFileReference; lastKnownFileType = text.plist.xml; path = Info.plist; sourceTree = "<group>"; };
		79E783B425C9499E002DC72C /* MapViewController.swift */ = {isa = PBXFileReference; lastKnownFileType = sourcecode.swift; path = MapViewController.swift; sourceTree = "<group>"; };
		79E783BD25C94AF8002DC72C /* MapViewLayout.swift */ = {isa = PBXFileReference; lastKnownFileType = sourcecode.swift; path = MapViewLayout.swift; sourceTree = "<group>"; };
		79E783C525C94C81002DC72C /* LayoutUtil.swift */ = {isa = PBXFileReference; fileEncoding = 4; lastKnownFileType = sourcecode.swift; path = LayoutUtil.swift; sourceTree = "<group>"; };
		79E783CB25C94CC1002DC72C /* ThemesUtil.swift */ = {isa = PBXFileReference; lastKnownFileType = sourcecode.swift; path = ThemesUtil.swift; sourceTree = "<group>"; };
		79F3060225E9BF7200A445A1 /* LocationUtil.swift */ = {isa = PBXFileReference; lastKnownFileType = sourcecode.swift; path = LocationUtil.swift; sourceTree = "<group>"; };
		79F3060B25EC31D400A445A1 /* MainMenuViewController.swift */ = {isa = PBXFileReference; lastKnownFileType = sourcecode.swift; path = MainMenuViewController.swift; sourceTree = "<group>"; };
		79F3061025EC31E500A445A1 /* MainMenuViewLayout.swift */ = {isa = PBXFileReference; lastKnownFileType = sourcecode.swift; path = MainMenuViewLayout.swift; sourceTree = "<group>"; };
		79F3061525EC3B3B00A445A1 /* ControlUtil.swift */ = {isa = PBXFileReference; lastKnownFileType = sourcecode.swift; path = ControlUtil.swift; sourceTree = "<group>"; };
		79F3062425EC6EC600A445A1 /* TreasureHuntCollectionViewController.swift */ = {isa = PBXFileReference; lastKnownFileType = sourcecode.swift; path = TreasureHuntCollectionViewController.swift; sourceTree = "<group>"; };
		79F3062925EC6EE000A445A1 /* TreasureHuntCollectionViewLayout.swift */ = {isa = PBXFileReference; lastKnownFileType = sourcecode.swift; path = TreasureHuntCollectionViewLayout.swift; sourceTree = "<group>"; };
		79F3063225EC75FD00A445A1 /* TreasureHuntCollection.swift */ = {isa = PBXFileReference; lastKnownFileType = sourcecode.swift; path = TreasureHuntCollection.swift; sourceTree = "<group>"; };
		79F3063E25EC763200A445A1 /* TreasureHunt.swift */ = {isa = PBXFileReference; lastKnownFileType = sourcecode.swift; path = TreasureHunt.swift; sourceTree = "<group>"; };
		79F3064625EC763900A445A1 /* Clue.swift */ = {isa = PBXFileReference; lastKnownFileType = sourcecode.swift; path = Clue.swift; sourceTree = "<group>"; };
		79FAB5F72609A92C008BA73C /* MemoryCollectionController.swift */ = {isa = PBXFileReference; lastKnownFileType = sourcecode.swift; path = MemoryCollectionController.swift; sourceTree = "<group>"; };
		79FAB5FC2609A938008BA73C /* MemoryCollectionLayout.swift */ = {isa = PBXFileReference; lastKnownFileType = sourcecode.swift; path = MemoryCollectionLayout.swift; sourceTree = "<group>"; };
		7FE152A588AF4ABEA8466620 /* amplifytools.xcconfig */ = {isa = PBXFileReference; explicitFileType = undefined; fileEncoding = 4; includeInIndex = 0; lastKnownFileType = text.xcconfig; path = amplifytools.xcconfig; sourceTree = "<group>"; };
		8277606131AB5628949F4EE9 /* Pods-SnapshotTests.debug.xcconfig */ = {isa = PBXFileReference; includeInIndex = 1; lastKnownFileType = text.xcconfig; name = "Pods-SnapshotTests.debug.xcconfig"; path = "Target Support Files/Pods-SnapshotTests/Pods-SnapshotTests.debug.xcconfig"; sourceTree = "<group>"; };
		A868C8D11AD4B3805DB20433 /* Pods-Snapshot.debug.xcconfig */ = {isa = PBXFileReference; includeInIndex = 1; lastKnownFileType = text.xcconfig; name = "Pods-Snapshot.debug.xcconfig"; path = "Target Support Files/Pods-Snapshot/Pods-Snapshot.debug.xcconfig"; sourceTree = "<group>"; };
		B7C8770D20521AFE3F426590 /* Pods-Snapshot.release.xcconfig */ = {isa = PBXFileReference; includeInIndex = 1; lastKnownFileType = text.xcconfig; name = "Pods-Snapshot.release.xcconfig"; path = "Target Support Files/Pods-Snapshot/Pods-Snapshot.release.xcconfig"; sourceTree = "<group>"; };
/* End PBXFileReference section */

/* Begin PBXFrameworksBuildPhase section */
		79E7837925C9493A002DC72C /* Frameworks */ = {
			isa = PBXFrameworksBuildPhase;
			buildActionMask = 2147483647;
			files = (
				191E61469B4887E184B47EC1 /* Pods_Snapshot.framework in Frameworks */,
			);
			runOnlyForDeploymentPostprocessing = 0;
		};
		79E7838F25C9493C002DC72C /* Frameworks */ = {
			isa = PBXFrameworksBuildPhase;
			buildActionMask = 2147483647;
			files = (
				792035AE197915ACFAD10098 /* Pods_SnapshotTests.framework in Frameworks */,
			);
			runOnlyForDeploymentPostprocessing = 0;
		};
		79E7839A25C9493D002DC72C /* Frameworks */ = {
			isa = PBXFrameworksBuildPhase;
			buildActionMask = 2147483647;
			files = (
				7FF9D78E9F7C3C0BBABB59E9 /* Pods_Snapshot_SnapshotUITests.framework in Frameworks */,
			);
			runOnlyForDeploymentPostprocessing = 0;
		};
/* End PBXFrameworksBuildPhase section */

/* Begin PBXGroup section */
		0B1AD3AABB2B47089DE78B4E /* AmplifyConfig */ = {
			isa = PBXGroup;
			children = (
				7FE152A588AF4ABEA8466620 /* amplifytools.xcconfig */,
			);
			name = AmplifyConfig;
			path = .;
			sourceTree = "<group>";
		};
		0F53763D0F8B12986E620D39 /* Pods */ = {
			isa = PBXGroup;
			children = (
				A868C8D11AD4B3805DB20433 /* Pods-Snapshot.debug.xcconfig */,
				B7C8770D20521AFE3F426590 /* Pods-Snapshot.release.xcconfig */,
				0AA9B7E3558275203426D7F5 /* Pods-Snapshot-SnapshotUITests.debug.xcconfig */,
				6C6B686C7C2FC70549AD0853 /* Pods-Snapshot-SnapshotUITests.release.xcconfig */,
				8277606131AB5628949F4EE9 /* Pods-SnapshotTests.debug.xcconfig */,
				57B7C55645D471479B415B88 /* Pods-SnapshotTests.release.xcconfig */,
			);
			path = Pods;
			sourceTree = "<group>";
		};
		4E2DAA791EF63ADD613B3271 /* Frameworks */ = {
			isa = PBXGroup;
			children = (
				1561BF0E2451F4513BA4B6DF /* Pods_Snapshot.framework */,
				04BD6D494D9ECCDD9BF09117 /* Pods_Snapshot_SnapshotUITests.framework */,
				6B26D0F4C216BF82D820D0F8 /* Pods_SnapshotTests.framework */,
			);
			name = Frameworks;
			sourceTree = "<group>";
		};
		7905670A25CBF98F00770E72 /* Metadata */ = {
			isa = PBXGroup;
			children = (
				7905670B25CBF9AE00770E72 /* Credits */,
				79E1AA0025E86E2F00FEE672 /* Todos */,
				796CFBA42612F59D0064D661 /* Test cases */,
			);
			path = Metadata;
			sourceTree = "<group>";
		};
		790CE9C025F7262B009D0AD9 /* Play Hunt */ = {
			isa = PBXGroup;
			children = (
				790CE9C125F72654009D0AD9 /* TreasureHuntPlayViewController.swift */,
				790CE9C925F72661009D0AD9 /* TreasureHuntPlayLayout.swift */,
			);
			path = "Play Hunt";
			sourceTree = "<group>";
		};
		790CE9CE25F75323009D0AD9 /* TreasureHuntPlaythrough */ = {
			isa = PBXGroup;
			children = (
				790CE9CF25F75338009D0AD9 /* TreasureHuntPlaythrough.swift */,
			);
			path = TreasureHuntPlaythrough;
			sourceTree = "<group>";
		};
		790CE9D725F761DD009D0AD9 /* FullClue */ = {
			isa = PBXGroup;
			children = (
				790CE9D825F761F1009D0AD9 /* FullClueView.swift */,
				790CE9DD25F76411009D0AD9 /* FullClueLayout.swift */,
			);
			path = FullClue;
			sourceTree = "<group>";
		};
		791A59372619A2CB0032ECD9 /* Login Page */ = {
			isa = PBXGroup;
			children = (
				791A5957261A40A90032ECD9 /* LoginPageController.swift */,
				791A595F261A41360032ECD9 /* LoginPageLayout.swift */,
			);
			path = "Login Page";
			sourceTree = "<group>";
		};
		791A59382619A2D40032ECD9 /* Account Page */ = {
			isa = PBXGroup;
			children = (
				791A596F261A76A90032ECD9 /* AccountPageController.swift */,
				791A5974261A787A0032ECD9 /* AccountPageLayout.swift */,
			);
			path = "Account Page";
			sourceTree = "<group>";
		};
		79595A3D25E37C3B00717873 /* NewMemory */ = {
			isa = PBXGroup;
			children = (
				79595A3F25E37C3B00717873 /* NewMemoryView.swift */,
				79595A3E25E37C3B00717873 /* NewMemoryViewLayout.swift */,
			);
			path = NewMemory;
			sourceTree = "<group>";
		};
		79595A4825E37C6600717873 /* MemoryMap */ = {
			isa = PBXGroup;
			children = (
				79595A4925E37C6600717873 /* MemoryMapView.swift */,
			);
			path = MemoryMap;
			sourceTree = "<group>";
		};
		79866D87263DFF2600D09B41 /* New Account */ = {
			isa = PBXGroup;
			children = (
				79866D82263DFF1700D09B41 /* NewAccountController.swift */,
				79D0D401263E1318003987E2 /* NewAccountLayout.swift */,
			);
			path = "New Account";
			sourceTree = "<group>";
		};
		79866D8A263DFF5F00D09B41 /* Confirm Account */ = {
			isa = PBXGroup;
			children = (
				79D0D40B263E1FD2003987E2 /* ConfirmAccountController.swift */,
				79D0D410263E1FDC003987E2 /* ConfirmAccountLayout.swift */,
			);
			path = "Confirm Account";
			sourceTree = "<group>";
		};
		79A400A625EDE761004F7596 /* NavigationBar */ = {
			isa = PBXGroup;
			children = (
				79A400A725EDE771004F7596 /* NavigationBarView.swift */,
				79A400AF25EDEA1B004F7596 /* NavigationBarViewLayout.swift */,
			);
			path = NavigationBar;
			sourceTree = "<group>";
		};
		79A400B425EDF1D7004F7596 /* Edit Hunt */ = {
			isa = PBXGroup;
			children = (
				79A400B525EDF1EE004F7596 /* EditHuntViewController.swift */,
				79A400C325EDF544004F7596 /* EditHuntViewLayout.swift */,
				79B289A625FF441F006615D3 /* Edit Hunt Preferences */,
				79B0855025F605F500F0868C /* Edit Clue */,
			);
			path = "Edit Hunt";
			sourceTree = "<group>";
		};
		79A400BD25EDF3DB004F7596 /* ScrollableStackView */ = {
			isa = PBXGroup;
			children = (
				79A400BE25EDF3F0004F7596 /* ScrollableStackView.swift */,
			);
			path = ScrollableStackView;
			sourceTree = "<group>";
		};
		79A400C825EE0ECA004F7596 /* ClueListRowView */ = {
			isa = PBXGroup;
			children = (
				79A400C925EE0EE4004F7596 /* ClueListRowView.swift */,
				79A400CE25EE0F70004F7596 /* ClueListRowViewLayout.swift */,
			);
			path = ClueListRowView;
			sourceTree = "<group>";
		};
		79B0855025F605F500F0868C /* Edit Clue */ = {
			isa = PBXGroup;
			children = (
				79B0854625F208C100F0868C /* EditClueViewController.swift */,
				79B0854B25F20C5B00F0868C /* EditClueViewLayout.swift */,
			);
			path = "Edit Clue";
			sourceTree = "<group>";
		};
		79B0855A25F61BC400F0868C /* PopupOptions */ = {
			isa = PBXGroup;
			children = (
				79B0855B25F61C2200F0868C /* PopupOptionsView.swift */,
			);
			path = PopupOptions;
			sourceTree = "<group>";
		};
		79B289A625FF441F006615D3 /* Edit Hunt Preferences */ = {
			isa = PBXGroup;
			children = (
				79B289A725FF4438006615D3 /* EditHuntPreferencesController.swift */,
				79B289AF25FF4449006615D3 /* EditHuntPreferencesLayout.swift */,
			);
			path = "Edit Hunt Preferences";
			sourceTree = "<group>";
		};
		79B289B42601DA37006615D3 /* InformationButton */ = {
			isa = PBXGroup;
			children = (
				79B289B52601DA4E006615D3 /* InformationButton.swift */,
			);
			path = InformationButton;
			sourceTree = "<group>";
		};
		79E1A9EA25E503D200FEE672 /* SnapshotCallout */ = {
			isa = PBXGroup;
			children = (
				79E1A9EB25E503E500FEE672 /* SnapshotCalloutView.swift */,
				79E1A9F025E503F700FEE672 /* SnapshotCalloutViewLayout.swift */,
			);
			path = SnapshotCallout;
			sourceTree = "<group>";
		};
		79E1AA1A25E8AA5500FEE672 /* FullImage */ = {
			isa = PBXGroup;
			children = (
				79E1AA1B25E8AA6D00FEE672 /* FullImageView.swift */,
			);
			path = FullImage;
			sourceTree = "<group>";
		};
		79E2F21125DD25B200F872D7 /* Data Types */ = {
			isa = PBXGroup;
			children = (
				790CE9CE25F75323009D0AD9 /* TreasureHuntPlaythrough */,
				79F3062E25EC759B00A445A1 /* User */,
			);
			path = "Data Types";
			sourceTree = "<group>";
		};
		79E7837325C9493A002DC72C = {
			isa = PBXGroup;
			children = (
				0B1AD3AABB2B47089DE78B4E /* AmplifyConfig */,
				79E7837E25C9493A002DC72C /* Snapshot */,
				79E7839525C9493C002DC72C /* SnapshotTests */,
				79E783A025C9493D002DC72C /* SnapshotUITests */,
				79E7837D25C9493A002DC72C /* Products */,
				0F53763D0F8B12986E620D39 /* Pods */,
				4E2DAA791EF63ADD613B3271 /* Frameworks */,
			);
			sourceTree = "<group>";
		};
		79E7837D25C9493A002DC72C /* Products */ = {
			isa = PBXGroup;
			children = (
				79E7837C25C9493A002DC72C /* Snapshot.app */,
				79E7839225C9493C002DC72C /* SnapshotTests.xctest */,
				79E7839D25C9493D002DC72C /* SnapshotUITests.xctest */,
			);
			name = Products;
			sourceTree = "<group>";
		};
		79E7837E25C9493A002DC72C /* Snapshot */ = {
			isa = PBXGroup;
			children = (
				79866D7626393F3800D09B41 /* amplifyconfiguration.json */,
				79866D7526393F3800D09B41 /* awsconfiguration.json */,
				7905670A25CBF98F00770E72 /* Metadata */,
				79E7838D25C9493C002DC72C /* Info.plist */,
				79E7837F25C9493A002DC72C /* AppDelegate.swift */,
				79E7838125C9493A002DC72C /* SceneDelegate.swift */,
				79E1A9D825E3905D00FEE672 /* Globals.swift */,
				79E7838525C9493A002DC72C /* Main.storyboard */,
				79E7838825C9493C002DC72C /* Assets.xcassets */,
				79E7838A25C9493C002DC72C /* LaunchScreen.storyboard */,
				79E783B225C94965002DC72C /* Scenes */,
				79EFE35A25D0B16500AA257B /* Views */,
				79E2F21125DD25B200F872D7 /* Data Types */,
				79E783C325C94BD6002DC72C /* Util */,
				7952102F260C5B5800D642CF /* LaunchScreenController.swift */,
			);
			path = Snapshot;
			sourceTree = "<group>";
		};
		79E7839525C9493C002DC72C /* SnapshotTests */ = {
			isa = PBXGroup;
			children = (
				79E7839625C9493C002DC72C /* SnapshotTests.swift */,
				79E7839825C9493C002DC72C /* Info.plist */,
			);
			path = SnapshotTests;
			sourceTree = "<group>";
		};
		79E783A025C9493D002DC72C /* SnapshotUITests */ = {
			isa = PBXGroup;
			children = (
				79E783A125C9493D002DC72C /* SnapshotUITests.swift */,
				79E783A325C9493D002DC72C /* Info.plist */,
			);
			path = SnapshotUITests;
			sourceTree = "<group>";
		};
		79E783B225C94965002DC72C /* Scenes */ = {
			isa = PBXGroup;
			children = (
				79F3060A25EC31B700A445A1 /* Main Menu */,
				79E783B325C94984002DC72C /* Memories */,
				79F3062225EC6E4C00A445A1 /* Treasure Hunt */,
				79F3062325EC6E5D00A445A1 /* Account */,
			);
			path = Scenes;
			sourceTree = "<group>";
		};
		79E783B325C94984002DC72C /* Memories */ = {
			isa = PBXGroup;
			children = (
				79FAB6012609AAC9008BA73C /* MemoryMap */,
				79FAB6022609AADE008BA73C /* MemoryCollection */,
			);
			path = Memories;
			sourceTree = "<group>";
		};
		79E783C325C94BD6002DC72C /* Util */ = {
			isa = PBXGroup;
			children = (
				791A5967261A41B20032ECD9 /* AccountUtil.swift */,
				79E1A9E025E3A5D100FEE672 /* ActiveUser.swift */,
				791A5928261921CF0032ECD9 /* Amplify.swift */,
				79E783C525C94C81002DC72C /* LayoutUtil.swift */,
				79E783CB25C94CC1002DC72C /* ThemesUtil.swift */,
				79E1A9F825E7218D00FEE672 /* DateUtil.swift */,
				79E1AA1025E87FCA00FEE672 /* MathUtil.swift */,
				79E1AA1525E8A75C00FEE672 /* Animations.swift */,
				79F3060225E9BF7200A445A1 /* LocationUtil.swift */,
				79F3061525EC3B3B00A445A1 /* ControlUtil.swift */,
				796CFBA9261442EA0064D661 /* UILayout.swift */,
				79D0D406263E1D66003987E2 /* TextFieldUtil.swift */,
			);
			path = Util;
			sourceTree = "<group>";
		};
		79EFE35A25D0B16500AA257B /* Views */ = {
			isa = PBXGroup;
			children = (
				79B289B42601DA37006615D3 /* InformationButton */,
				790CE9D725F761DD009D0AD9 /* FullClue */,
				79B0855A25F61BC400F0868C /* PopupOptions */,
				79A400C825EE0ECA004F7596 /* ClueListRowView */,
				79A400BD25EDF3DB004F7596 /* ScrollableStackView */,
				79A400A625EDE761004F7596 /* NavigationBar */,
				79E1AA1A25E8AA5500FEE672 /* FullImage */,
				79E1A9EA25E503D200FEE672 /* SnapshotCallout */,
				79595A4825E37C6600717873 /* MemoryMap */,
				79595A3D25E37C3B00717873 /* NewMemory */,
			);
			path = Views;
			sourceTree = "<group>";
		};
		79F3060A25EC31B700A445A1 /* Main Menu */ = {
			isa = PBXGroup;
			children = (
				79F3060B25EC31D400A445A1 /* MainMenuViewController.swift */,
				79F3061025EC31E500A445A1 /* MainMenuViewLayout.swift */,
			);
			path = "Main Menu";
			sourceTree = "<group>";
		};
		79F3062225EC6E4C00A445A1 /* Treasure Hunt */ = {
			isa = PBXGroup;
			children = (
				79F3062425EC6EC600A445A1 /* TreasureHuntCollectionViewController.swift */,
				79F3062925EC6EE000A445A1 /* TreasureHuntCollectionViewLayout.swift */,
				790CE9C025F7262B009D0AD9 /* Play Hunt */,
				79A400B425EDF1D7004F7596 /* Edit Hunt */,
			);
			path = "Treasure Hunt";
			sourceTree = "<group>";
		};
		79F3062325EC6E5D00A445A1 /* Account */ = {
			isa = PBXGroup;
			children = (
				791A59372619A2CB0032ECD9 /* Login Page */,
				79866D87263DFF2600D09B41 /* New Account */,
				79866D8A263DFF5F00D09B41 /* Confirm Account */,
				791A59382619A2D40032ECD9 /* Account Page */,
			);
			path = Account;
			sourceTree = "<group>";
		};
		79F3062E25EC759B00A445A1 /* User */ = {
			isa = PBXGroup;
			children = (
				79E2F22225DD293C00F872D7 /* User.swift */,
				79F3062F25EC75A400A445A1 /* UserPreferences */,
				79F3063025EC75B700A445A1 /* SnapshotCollection */,
				79F3063125EC75D300A445A1 /* TreasureHuntCollection */,
			);
			path = User;
			sourceTree = "<group>";
		};
		79F3062F25EC75A400A445A1 /* UserPreferences */ = {
			isa = PBXGroup;
			children = (
				79BB336425E0D3140085A15D /* UserPreferences.swift */,
			);
			path = UserPreferences;
			sourceTree = "<group>";
		};
		79F3063025EC75B700A445A1 /* SnapshotCollection */ = {
			isa = PBXGroup;
			children = (
				79E2F21725DD271800F872D7 /* SnapshotCollection.swift */,
				79E2F21225DD25D800F872D7 /* Snapshot.swift */,
			);
			path = SnapshotCollection;
			sourceTree = "<group>";
		};
		79F3063125EC75D300A445A1 /* TreasureHuntCollection */ = {
			isa = PBXGroup;
			children = (
				79F3063225EC75FD00A445A1 /* TreasureHuntCollection.swift */,
				79F3063E25EC763200A445A1 /* TreasureHunt.swift */,
				79F3064625EC763900A445A1 /* Clue.swift */,
			);
			path = TreasureHuntCollection;
			sourceTree = "<group>";
		};
		79FAB6012609AAC9008BA73C /* MemoryMap */ = {
			isa = PBXGroup;
			children = (
				79E783B425C9499E002DC72C /* MapViewController.swift */,
				79E783BD25C94AF8002DC72C /* MapViewLayout.swift */,
			);
			path = MemoryMap;
			sourceTree = "<group>";
		};
		79FAB6022609AADE008BA73C /* MemoryCollection */ = {
			isa = PBXGroup;
			children = (
				79FAB5F72609A92C008BA73C /* MemoryCollectionController.swift */,
				79FAB5FC2609A938008BA73C /* MemoryCollectionLayout.swift */,
			);
			path = MemoryCollection;
			sourceTree = "<group>";
		};
/* End PBXGroup section */

/* Begin PBXNativeTarget section */
		79E7837B25C9493A002DC72C /* Snapshot */ = {
			isa = PBXNativeTarget;
			buildConfigurationList = 79E783A625C9493D002DC72C /* Build configuration list for PBXNativeTarget "Snapshot" */;
			buildPhases = (
				47BE7E5DC4F919CC1D846C0B /* [CP] Check Pods Manifest.lock */,
				79E7837825C9493A002DC72C /* Sources */,
				79E7837925C9493A002DC72C /* Frameworks */,
				79E7837A25C9493A002DC72C /* Resources */,
				390B9EB9EAFC42B58DEC4E8D /* [CP] Embed Pods Frameworks */,
			);
			buildRules = (
			);
			dependencies = (
			);
			name = Snapshot;
			productName = Snapshot;
			productReference = 79E7837C25C9493A002DC72C /* Snapshot.app */;
			productType = "com.apple.product-type.application";
		};
		79E7839125C9493C002DC72C /* SnapshotTests */ = {
			isa = PBXNativeTarget;
			buildConfigurationList = 79E783A925C9493D002DC72C /* Build configuration list for PBXNativeTarget "SnapshotTests" */;
			buildPhases = (
				897D60CFEFB3B25803EB96BF /* [CP] Check Pods Manifest.lock */,
				79E7838E25C9493C002DC72C /* Sources */,
				79E7838F25C9493C002DC72C /* Frameworks */,
				79E7839025C9493C002DC72C /* Resources */,
			);
			buildRules = (
			);
			dependencies = (
				79E7839425C9493C002DC72C /* PBXTargetDependency */,
			);
			name = SnapshotTests;
			productName = SnapshotTests;
			productReference = 79E7839225C9493C002DC72C /* SnapshotTests.xctest */;
			productType = "com.apple.product-type.bundle.unit-test";
		};
		79E7839C25C9493D002DC72C /* SnapshotUITests */ = {
			isa = PBXNativeTarget;
			buildConfigurationList = 79E783AC25C9493D002DC72C /* Build configuration list for PBXNativeTarget "SnapshotUITests" */;
			buildPhases = (
				751BF3318B319BBB81C6E6D6 /* [CP] Check Pods Manifest.lock */,
				79E7839925C9493D002DC72C /* Sources */,
				79E7839A25C9493D002DC72C /* Frameworks */,
				79E7839B25C9493D002DC72C /* Resources */,
				D9032A710F8F5136E2C382BC /* [CP] Embed Pods Frameworks */,
			);
			buildRules = (
			);
			dependencies = (
				79E7839F25C9493D002DC72C /* PBXTargetDependency */,
			);
			name = SnapshotUITests;
			productName = SnapshotUITests;
			productReference = 79E7839D25C9493D002DC72C /* SnapshotUITests.xctest */;
			productType = "com.apple.product-type.bundle.ui-testing";
		};
/* End PBXNativeTarget section */

/* Begin PBXProject section */
		79E7837425C9493A002DC72C /* Project object */ = {
			isa = PBXProject;
			attributes = {
				LastSwiftUpdateCheck = 1240;
				LastUpgradeCheck = 1240;
				TargetAttributes = {
					79E7837B25C9493A002DC72C = {
						CreatedOnToolsVersion = 12.4;
					};
					79E7839125C9493C002DC72C = {
						CreatedOnToolsVersion = 12.4;
						TestTargetID = 79E7837B25C9493A002DC72C;
					};
					79E7839C25C9493D002DC72C = {
						CreatedOnToolsVersion = 12.4;
						TestTargetID = 79E7837B25C9493A002DC72C;
					};
				};
			};
			buildConfigurationList = 79E7837725C9493A002DC72C /* Build configuration list for PBXProject "Snapshot" */;
			compatibilityVersion = "Xcode 9.3";
			developmentRegion = en;
			hasScannedForEncodings = 0;
			knownRegions = (
				en,
				Base,
			);
			mainGroup = 79E7837325C9493A002DC72C;
			productRefGroup = 79E7837D25C9493A002DC72C /* Products */;
			projectDirPath = "";
			projectRoot = "";
			targets = (
				79E7837B25C9493A002DC72C /* Snapshot */,
				79E7839125C9493C002DC72C /* SnapshotTests */,
				79E7839C25C9493D002DC72C /* SnapshotUITests */,
			);
		};
/* End PBXProject section */

/* Begin PBXResourcesBuildPhase section */
		79E7837A25C9493A002DC72C /* Resources */ = {
			isa = PBXResourcesBuildPhase;
			buildActionMask = 2147483647;
			files = (
				79E7838C25C9493C002DC72C /* LaunchScreen.storyboard in Resources */,
				7905670C25CBF9AE00770E72 /* Credits in Resources */,
				79E1AA0125E86E2F00FEE672 /* Todos in Resources */,
				79E7838925C9493C002DC72C /* Assets.xcassets in Resources */,
				79E7838725C9493A002DC72C /* Main.storyboard in Resources */,
				79866D7726393F3800D09B41 /* awsconfiguration.json in Resources */,
				796CFBA52612F59D0064D661 /* Test cases in Resources */,
				79866D7826393F3800D09B41 /* amplifyconfiguration.json in Resources */,
			);
			runOnlyForDeploymentPostprocessing = 0;
		};
		79E7839025C9493C002DC72C /* Resources */ = {
			isa = PBXResourcesBuildPhase;
			buildActionMask = 2147483647;
			files = (
			);
			runOnlyForDeploymentPostprocessing = 0;
		};
		79E7839B25C9493D002DC72C /* Resources */ = {
			isa = PBXResourcesBuildPhase;
			buildActionMask = 2147483647;
			files = (
			);
			runOnlyForDeploymentPostprocessing = 0;
		};
/* End PBXResourcesBuildPhase section */

/* Begin PBXShellScriptBuildPhase section */
		390B9EB9EAFC42B58DEC4E8D /* [CP] Embed Pods Frameworks */ = {
			isa = PBXShellScriptBuildPhase;
			buildActionMask = 2147483647;
			files = (
			);
			inputFileListPaths = (
				"${PODS_ROOT}/Target Support Files/Pods-Snapshot/Pods-Snapshot-frameworks-${CONFIGURATION}-input-files.xcfilelist",
			);
			name = "[CP] Embed Pods Frameworks";
			outputFileListPaths = (
				"${PODS_ROOT}/Target Support Files/Pods-Snapshot/Pods-Snapshot-frameworks-${CONFIGURATION}-output-files.xcfilelist",
			);
			runOnlyForDeploymentPostprocessing = 0;
			shellPath = /bin/sh;
			shellScript = "\"${PODS_ROOT}/Target Support Files/Pods-Snapshot/Pods-Snapshot-frameworks.sh\"\n";
			showEnvVarsInLog = 0;
		};
		47BE7E5DC4F919CC1D846C0B /* [CP] Check Pods Manifest.lock */ = {
			isa = PBXShellScriptBuildPhase;
			buildActionMask = 2147483647;
			files = (
			);
			inputFileListPaths = (
			);
			inputPaths = (
				"${PODS_PODFILE_DIR_PATH}/Podfile.lock",
				"${PODS_ROOT}/Manifest.lock",
			);
			name = "[CP] Check Pods Manifest.lock";
			outputFileListPaths = (
			);
			outputPaths = (
				"$(DERIVED_FILE_DIR)/Pods-Snapshot-checkManifestLockResult.txt",
			);
			runOnlyForDeploymentPostprocessing = 0;
			shellPath = /bin/sh;
			shellScript = "diff \"${PODS_PODFILE_DIR_PATH}/Podfile.lock\" \"${PODS_ROOT}/Manifest.lock\" > /dev/null\nif [ $? != 0 ] ; then\n    # print error to STDERR\n    echo \"error: The sandbox is not in sync with the Podfile.lock. Run 'pod install' or update your CocoaPods installation.\" >&2\n    exit 1\nfi\n# This output is used by Xcode 'outputs' to avoid re-running this script phase.\necho \"SUCCESS\" > \"${SCRIPT_OUTPUT_FILE_0}\"\n";
			showEnvVarsInLog = 0;
		};
		751BF3318B319BBB81C6E6D6 /* [CP] Check Pods Manifest.lock */ = {
			isa = PBXShellScriptBuildPhase;
			buildActionMask = 2147483647;
			files = (
			);
			inputFileListPaths = (
			);
			inputPaths = (
				"${PODS_PODFILE_DIR_PATH}/Podfile.lock",
				"${PODS_ROOT}/Manifest.lock",
			);
			name = "[CP] Check Pods Manifest.lock";
			outputFileListPaths = (
			);
			outputPaths = (
				"$(DERIVED_FILE_DIR)/Pods-Snapshot-SnapshotUITests-checkManifestLockResult.txt",
			);
			runOnlyForDeploymentPostprocessing = 0;
			shellPath = /bin/sh;
			shellScript = "diff \"${PODS_PODFILE_DIR_PATH}/Podfile.lock\" \"${PODS_ROOT}/Manifest.lock\" > /dev/null\nif [ $? != 0 ] ; then\n    # print error to STDERR\n    echo \"error: The sandbox is not in sync with the Podfile.lock. Run 'pod install' or update your CocoaPods installation.\" >&2\n    exit 1\nfi\n# This output is used by Xcode 'outputs' to avoid re-running this script phase.\necho \"SUCCESS\" > \"${SCRIPT_OUTPUT_FILE_0}\"\n";
			showEnvVarsInLog = 0;
		};
		897D60CFEFB3B25803EB96BF /* [CP] Check Pods Manifest.lock */ = {
			isa = PBXShellScriptBuildPhase;
			buildActionMask = 2147483647;
			files = (
			);
			inputFileListPaths = (
			);
			inputPaths = (
				"${PODS_PODFILE_DIR_PATH}/Podfile.lock",
				"${PODS_ROOT}/Manifest.lock",
			);
			name = "[CP] Check Pods Manifest.lock";
			outputFileListPaths = (
			);
			outputPaths = (
				"$(DERIVED_FILE_DIR)/Pods-SnapshotTests-checkManifestLockResult.txt",
			);
			runOnlyForDeploymentPostprocessing = 0;
			shellPath = /bin/sh;
			shellScript = "diff \"${PODS_PODFILE_DIR_PATH}/Podfile.lock\" \"${PODS_ROOT}/Manifest.lock\" > /dev/null\nif [ $? != 0 ] ; then\n    # print error to STDERR\n    echo \"error: The sandbox is not in sync with the Podfile.lock. Run 'pod install' or update your CocoaPods installation.\" >&2\n    exit 1\nfi\n# This output is used by Xcode 'outputs' to avoid re-running this script phase.\necho \"SUCCESS\" > \"${SCRIPT_OUTPUT_FILE_0}\"\n";
			showEnvVarsInLog = 0;
		};
		D9032A710F8F5136E2C382BC /* [CP] Embed Pods Frameworks */ = {
			isa = PBXShellScriptBuildPhase;
			buildActionMask = 2147483647;
			files = (
			);
			inputFileListPaths = (
				"${PODS_ROOT}/Target Support Files/Pods-Snapshot-SnapshotUITests/Pods-Snapshot-SnapshotUITests-frameworks-${CONFIGURATION}-input-files.xcfilelist",
			);
			name = "[CP] Embed Pods Frameworks";
			outputFileListPaths = (
				"${PODS_ROOT}/Target Support Files/Pods-Snapshot-SnapshotUITests/Pods-Snapshot-SnapshotUITests-frameworks-${CONFIGURATION}-output-files.xcfilelist",
			);
			runOnlyForDeploymentPostprocessing = 0;
			shellPath = /bin/sh;
			shellScript = "\"${PODS_ROOT}/Target Support Files/Pods-Snapshot-SnapshotUITests/Pods-Snapshot-SnapshotUITests-frameworks.sh\"\n";
			showEnvVarsInLog = 0;
		};
/* End PBXShellScriptBuildPhase section */

/* Begin PBXSourcesBuildPhase section */
		79E7837825C9493A002DC72C /* Sources */ = {
			isa = PBXSourcesBuildPhase;
			buildActionMask = 2147483647;
			files = (
				79B0854725F208C100F0868C /* EditClueViewController.swift in Sources */,
				79BB336525E0D3140085A15D /* UserPreferences.swift in Sources */,
				79E783CC25C94CC1002DC72C /* ThemesUtil.swift in Sources */,
				79D0D411263E1FDC003987E2 /* ConfirmAccountLayout.swift in Sources */,
				79B289A825FF4438006615D3 /* EditHuntPreferencesController.swift in Sources */,
				79B0854C25F20C5B00F0868C /* EditClueViewLayout.swift in Sources */,
				79A400BF25EDF3F0004F7596 /* ScrollableStackView.swift in Sources */,
				79A400B625EDF1EE004F7596 /* EditHuntViewController.swift in Sources */,
				79F3060325E9BF7200A445A1 /* LocationUtil.swift in Sources */,
				79FAB5FD2609A938008BA73C /* MemoryCollectionLayout.swift in Sources */,
				79A400B025EDEA1B004F7596 /* NavigationBarViewLayout.swift in Sources */,
				790CE9DE25F76411009D0AD9 /* FullClueLayout.swift in Sources */,
				79E7838025C9493A002DC72C /* AppDelegate.swift in Sources */,
				79D0D407263E1D66003987E2 /* TextFieldUtil.swift in Sources */,
				79E1AA1125E87FCA00FEE672 /* MathUtil.swift in Sources */,
				79E1A9F925E7218D00FEE672 /* DateUtil.swift in Sources */,
				79E783BE25C94AF8002DC72C /* MapViewLayout.swift in Sources */,
				79521030260C5B5800D642CF /* LaunchScreenController.swift in Sources */,
				79E1AA1625E8A75C00FEE672 /* Animations.swift in Sources */,
				79E2F21325DD25D800F872D7 /* Snapshot.swift in Sources */,
				79F3063325EC75FD00A445A1 /* TreasureHuntCollection.swift in Sources */,
				79E7838225C9493A002DC72C /* SceneDelegate.swift in Sources */,
				79E783B525C9499E002DC72C /* MapViewController.swift in Sources */,
				79B289B025FF4449006615D3 /* EditHuntPreferencesLayout.swift in Sources */,
				79A400C425EDF544004F7596 /* EditHuntViewLayout.swift in Sources */,
				79F3060C25EC31D400A445A1 /* MainMenuViewController.swift in Sources */,
				79E1AA1C25E8AA6D00FEE672 /* FullImageView.swift in Sources */,
				79A400CA25EE0EE4004F7596 /* ClueListRowView.swift in Sources */,
				791A5929261921CF0032ECD9 /* Amplify.swift in Sources */,
				79F3063F25EC763200A445A1 /* TreasureHunt.swift in Sources */,
				79E1A9EC25E503E500FEE672 /* SnapshotCalloutView.swift in Sources */,
				79F3061125EC31E500A445A1 /* MainMenuViewLayout.swift in Sources */,
				790CE9D925F761F1009D0AD9 /* FullClueView.swift in Sources */,
				791A5958261A40A90032ECD9 /* LoginPageController.swift in Sources */,
				791A5975261A787A0032ECD9 /* AccountPageLayout.swift in Sources */,
				79A400A825EDE771004F7596 /* NavigationBarView.swift in Sources */,
				79595A4A25E37C6600717873 /* MemoryMapView.swift in Sources */,
				79F3061625EC3B3B00A445A1 /* ControlUtil.swift in Sources */,
				79A400CF25EE0F70004F7596 /* ClueListRowViewLayout.swift in Sources */,
				790CE9D025F75338009D0AD9 /* TreasureHuntPlaythrough.swift in Sources */,
				791A5968261A41B20032ECD9 /* AccountUtil.swift in Sources */,
				79FAB5F82609A92C008BA73C /* MemoryCollectionController.swift in Sources */,
				79B0855C25F61C2200F0868C /* PopupOptionsView.swift in Sources */,
				79F3062A25EC6EE000A445A1 /* TreasureHuntCollectionViewLayout.swift in Sources */,
				790CE9C225F72654009D0AD9 /* TreasureHuntPlayViewController.swift in Sources */,
				791A5960261A41360032ECD9 /* LoginPageLayout.swift in Sources */,
				79B289B62601DA4E006615D3 /* InformationButton.swift in Sources */,
				79595A4025E37C3B00717873 /* NewMemoryViewLayout.swift in Sources */,
				796CFBAA261442EA0064D661 /* UILayout.swift in Sources */,
				79E783C725C94C81002DC72C /* LayoutUtil.swift in Sources */,
				79F3064725EC763900A445A1 /* Clue.swift in Sources */,
				791A5970261A76A90032ECD9 /* AccountPageController.swift in Sources */,
				79E2F21825DD271800F872D7 /* SnapshotCollection.swift in Sources */,
				79F3062525EC6EC600A445A1 /* TreasureHuntCollectionViewController.swift in Sources */,
				79E1A9E125E3A5D100FEE672 /* ActiveUser.swift in Sources */,
				79595A4125E37C3B00717873 /* NewMemoryView.swift in Sources */,
				79866D83263DFF1700D09B41 /* NewAccountController.swift in Sources */,
				79E1A9F125E503F700FEE672 /* SnapshotCalloutViewLayout.swift in Sources */,
				790CE9CA25F72661009D0AD9 /* TreasureHuntPlayLayout.swift in Sources */,
				79E1A9D925E3905D00FEE672 /* Globals.swift in Sources */,
				79D0D402263E1318003987E2 /* NewAccountLayout.swift in Sources */,
				79D0D40C263E1FD2003987E2 /* ConfirmAccountController.swift in Sources */,
				79E2F22325DD293C00F872D7 /* User.swift in Sources */,
			);
			runOnlyForDeploymentPostprocessing = 0;
		};
		79E7838E25C9493C002DC72C /* Sources */ = {
			isa = PBXSourcesBuildPhase;
			buildActionMask = 2147483647;
			files = (
				79E7839725C9493C002DC72C /* SnapshotTests.swift in Sources */,
			);
			runOnlyForDeploymentPostprocessing = 0;
		};
		79E7839925C9493D002DC72C /* Sources */ = {
			isa = PBXSourcesBuildPhase;
			buildActionMask = 2147483647;
			files = (
				79E783A225C9493D002DC72C /* SnapshotUITests.swift in Sources */,
			);
			runOnlyForDeploymentPostprocessing = 0;
		};
/* End PBXSourcesBuildPhase section */

/* Begin PBXTargetDependency section */
		79E7839425C9493C002DC72C /* PBXTargetDependency */ = {
			isa = PBXTargetDependency;
			target = 79E7837B25C9493A002DC72C /* Snapshot */;
			targetProxy = 79E7839325C9493C002DC72C /* PBXContainerItemProxy */;
		};
		79E7839F25C9493D002DC72C /* PBXTargetDependency */ = {
			isa = PBXTargetDependency;
			target = 79E7837B25C9493A002DC72C /* Snapshot */;
			targetProxy = 79E7839E25C9493D002DC72C /* PBXContainerItemProxy */;
		};
/* End PBXTargetDependency section */

/* Begin PBXVariantGroup section */
		79E7838525C9493A002DC72C /* Main.storyboard */ = {
			isa = PBXVariantGroup;
			children = (
				79E7838625C9493A002DC72C /* Base */,
			);
			name = Main.storyboard;
			sourceTree = "<group>";
		};
		79E7838A25C9493C002DC72C /* LaunchScreen.storyboard */ = {
			isa = PBXVariantGroup;
			children = (
				79E7838B25C9493C002DC72C /* Base */,
			);
			name = LaunchScreen.storyboard;
			sourceTree = "<group>";
		};
/* End PBXVariantGroup section */

/* Begin XCBuildConfiguration section */
		79E783A425C9493D002DC72C /* Debug */ = {
			isa = XCBuildConfiguration;
			buildSettings = {
				ALWAYS_SEARCH_USER_PATHS = NO;
				CLANG_ANALYZER_NONNULL = YES;
				CLANG_ANALYZER_NUMBER_OBJECT_CONVERSION = YES_AGGRESSIVE;
				CLANG_CXX_LANGUAGE_STANDARD = "gnu++14";
				CLANG_CXX_LIBRARY = "libc++";
				CLANG_ENABLE_MODULES = YES;
				CLANG_ENABLE_OBJC_ARC = YES;
				CLANG_ENABLE_OBJC_WEAK = YES;
				CLANG_WARN_BLOCK_CAPTURE_AUTORELEASING = YES;
				CLANG_WARN_BOOL_CONVERSION = YES;
				CLANG_WARN_COMMA = YES;
				CLANG_WARN_CONSTANT_CONVERSION = YES;
				CLANG_WARN_DEPRECATED_OBJC_IMPLEMENTATIONS = YES;
				CLANG_WARN_DIRECT_OBJC_ISA_USAGE = YES_ERROR;
				CLANG_WARN_DOCUMENTATION_COMMENTS = YES;
				CLANG_WARN_EMPTY_BODY = YES;
				CLANG_WARN_ENUM_CONVERSION = YES;
				CLANG_WARN_INFINITE_RECURSION = YES;
				CLANG_WARN_INT_CONVERSION = YES;
				CLANG_WARN_NON_LITERAL_NULL_CONVERSION = YES;
				CLANG_WARN_OBJC_IMPLICIT_RETAIN_SELF = YES;
				CLANG_WARN_OBJC_LITERAL_CONVERSION = YES;
				CLANG_WARN_OBJC_ROOT_CLASS = YES_ERROR;
				CLANG_WARN_QUOTED_INCLUDE_IN_FRAMEWORK_HEADER = YES;
				CLANG_WARN_RANGE_LOOP_ANALYSIS = YES;
				CLANG_WARN_STRICT_PROTOTYPES = YES;
				CLANG_WARN_SUSPICIOUS_MOVE = YES;
				CLANG_WARN_UNGUARDED_AVAILABILITY = YES_AGGRESSIVE;
				CLANG_WARN_UNREACHABLE_CODE = YES;
				CLANG_WARN__DUPLICATE_METHOD_MATCH = YES;
				COPY_PHASE_STRIP = NO;
				DEBUG_INFORMATION_FORMAT = dwarf;
				ENABLE_STRICT_OBJC_MSGSEND = YES;
				ENABLE_TESTABILITY = YES;
				GCC_C_LANGUAGE_STANDARD = gnu11;
				GCC_DYNAMIC_NO_PIC = NO;
				GCC_NO_COMMON_BLOCKS = YES;
				GCC_OPTIMIZATION_LEVEL = 0;
				GCC_PREPROCESSOR_DEFINITIONS = (
					"DEBUG=1",
					"$(inherited)",
				);
				GCC_WARN_64_TO_32_BIT_CONVERSION = YES;
				GCC_WARN_ABOUT_RETURN_TYPE = YES_ERROR;
				GCC_WARN_UNDECLARED_SELECTOR = YES;
				GCC_WARN_UNINITIALIZED_AUTOS = YES_AGGRESSIVE;
				GCC_WARN_UNUSED_FUNCTION = YES;
				GCC_WARN_UNUSED_VARIABLE = YES;
				IPHONEOS_DEPLOYMENT_TARGET = 14.4;
				MTL_ENABLE_DEBUG_INFO = INCLUDE_SOURCE;
				MTL_FAST_MATH = YES;
				ONLY_ACTIVE_ARCH = YES;
				SDKROOT = iphoneos;
				SWIFT_ACTIVE_COMPILATION_CONDITIONS = DEBUG;
				SWIFT_OPTIMIZATION_LEVEL = "-Onone";
			};
			name = Debug;
		};
		79E783A525C9493D002DC72C /* Release */ = {
			isa = XCBuildConfiguration;
			buildSettings = {
				ALWAYS_SEARCH_USER_PATHS = NO;
				CLANG_ANALYZER_NONNULL = YES;
				CLANG_ANALYZER_NUMBER_OBJECT_CONVERSION = YES_AGGRESSIVE;
				CLANG_CXX_LANGUAGE_STANDARD = "gnu++14";
				CLANG_CXX_LIBRARY = "libc++";
				CLANG_ENABLE_MODULES = YES;
				CLANG_ENABLE_OBJC_ARC = YES;
				CLANG_ENABLE_OBJC_WEAK = YES;
				CLANG_WARN_BLOCK_CAPTURE_AUTORELEASING = YES;
				CLANG_WARN_BOOL_CONVERSION = YES;
				CLANG_WARN_COMMA = YES;
				CLANG_WARN_CONSTANT_CONVERSION = YES;
				CLANG_WARN_DEPRECATED_OBJC_IMPLEMENTATIONS = YES;
				CLANG_WARN_DIRECT_OBJC_ISA_USAGE = YES_ERROR;
				CLANG_WARN_DOCUMENTATION_COMMENTS = YES;
				CLANG_WARN_EMPTY_BODY = YES;
				CLANG_WARN_ENUM_CONVERSION = YES;
				CLANG_WARN_INFINITE_RECURSION = YES;
				CLANG_WARN_INT_CONVERSION = YES;
				CLANG_WARN_NON_LITERAL_NULL_CONVERSION = YES;
				CLANG_WARN_OBJC_IMPLICIT_RETAIN_SELF = YES;
				CLANG_WARN_OBJC_LITERAL_CONVERSION = YES;
				CLANG_WARN_OBJC_ROOT_CLASS = YES_ERROR;
				CLANG_WARN_QUOTED_INCLUDE_IN_FRAMEWORK_HEADER = YES;
				CLANG_WARN_RANGE_LOOP_ANALYSIS = YES;
				CLANG_WARN_STRICT_PROTOTYPES = YES;
				CLANG_WARN_SUSPICIOUS_MOVE = YES;
				CLANG_WARN_UNGUARDED_AVAILABILITY = YES_AGGRESSIVE;
				CLANG_WARN_UNREACHABLE_CODE = YES;
				CLANG_WARN__DUPLICATE_METHOD_MATCH = YES;
				COPY_PHASE_STRIP = NO;
				DEBUG_INFORMATION_FORMAT = "dwarf-with-dsym";
				ENABLE_NS_ASSERTIONS = NO;
				ENABLE_STRICT_OBJC_MSGSEND = YES;
				GCC_C_LANGUAGE_STANDARD = gnu11;
				GCC_NO_COMMON_BLOCKS = YES;
				GCC_WARN_64_TO_32_BIT_CONVERSION = YES;
				GCC_WARN_ABOUT_RETURN_TYPE = YES_ERROR;
				GCC_WARN_UNDECLARED_SELECTOR = YES;
				GCC_WARN_UNINITIALIZED_AUTOS = YES_AGGRESSIVE;
				GCC_WARN_UNUSED_FUNCTION = YES;
				GCC_WARN_UNUSED_VARIABLE = YES;
				IPHONEOS_DEPLOYMENT_TARGET = 14.4;
				MTL_ENABLE_DEBUG_INFO = NO;
				MTL_FAST_MATH = YES;
				SDKROOT = iphoneos;
				SWIFT_COMPILATION_MODE = wholemodule;
				SWIFT_OPTIMIZATION_LEVEL = "-O";
				VALIDATE_PRODUCT = YES;
			};
			name = Release;
		};
		79E783A725C9493D002DC72C /* Debug */ = {
			isa = XCBuildConfiguration;
			baseConfigurationReference = A868C8D11AD4B3805DB20433 /* Pods-Snapshot.debug.xcconfig */;
			buildSettings = {
				ASSETCATALOG_COMPILER_APPICON_NAME = AppIcon;
				ASSETCATALOG_COMPILER_GLOBAL_ACCENT_COLOR_NAME = AccentColor;
				CODE_SIGN_STYLE = Automatic;
				DEVELOPMENT_TEAM = DDV94C54GA;
				INFOPLIST_FILE = Snapshot/Info.plist;
				IPHONEOS_DEPLOYMENT_TARGET = 14.4;
				LD_RUNPATH_SEARCH_PATHS = (
					"$(inherited)",
					"@executable_path/Frameworks",
				);
				PRODUCT_BUNDLE_IDENTIFIER = benshare.Snapshot;
				PRODUCT_NAME = "$(TARGET_NAME)";
				SWIFT_VERSION = 5.0;
				TARGETED_DEVICE_FAMILY = "1,2";
			};
			name = Debug;
		};
		79E783A825C9493D002DC72C /* Release */ = {
			isa = XCBuildConfiguration;
			baseConfigurationReference = B7C8770D20521AFE3F426590 /* Pods-Snapshot.release.xcconfig */;
			buildSettings = {
				ASSETCATALOG_COMPILER_APPICON_NAME = AppIcon;
				ASSETCATALOG_COMPILER_GLOBAL_ACCENT_COLOR_NAME = AccentColor;
				CODE_SIGN_STYLE = Automatic;
				DEVELOPMENT_TEAM = DDV94C54GA;
				INFOPLIST_FILE = Snapshot/Info.plist;
				IPHONEOS_DEPLOYMENT_TARGET = 14.4;
				LD_RUNPATH_SEARCH_PATHS = (
					"$(inherited)",
					"@executable_path/Frameworks",
				);
				PRODUCT_BUNDLE_IDENTIFIER = benshare.Snapshot;
				PRODUCT_NAME = "$(TARGET_NAME)";
				SWIFT_VERSION = 5.0;
				TARGETED_DEVICE_FAMILY = "1,2";
			};
			name = Release;
		};
		79E783AA25C9493D002DC72C /* Debug */ = {
			isa = XCBuildConfiguration;
			baseConfigurationReference = 8277606131AB5628949F4EE9 /* Pods-SnapshotTests.debug.xcconfig */;
			buildSettings = {
				ALWAYS_EMBED_SWIFT_STANDARD_LIBRARIES = YES;
				BUNDLE_LOADER = "$(TEST_HOST)";
				CODE_SIGN_STYLE = Automatic;
				INFOPLIST_FILE = SnapshotTests/Info.plist;
				IPHONEOS_DEPLOYMENT_TARGET = 14.4;
				LD_RUNPATH_SEARCH_PATHS = (
					"$(inherited)",
					"@executable_path/Frameworks",
					"@loader_path/Frameworks",
				);
				PRODUCT_BUNDLE_IDENTIFIER = benshare.SnapshotTests;
				PRODUCT_NAME = "$(TARGET_NAME)";
				SWIFT_VERSION = 5.0;
				TARGETED_DEVICE_FAMILY = "1,2";
				TEST_HOST = "$(BUILT_PRODUCTS_DIR)/Snapshot.app/Snapshot";
			};
			name = Debug;
		};
		79E783AB25C9493D002DC72C /* Release */ = {
			isa = XCBuildConfiguration;
			baseConfigurationReference = 57B7C55645D471479B415B88 /* Pods-SnapshotTests.release.xcconfig */;
			buildSettings = {
				ALWAYS_EMBED_SWIFT_STANDARD_LIBRARIES = YES;
				BUNDLE_LOADER = "$(TEST_HOST)";
				CODE_SIGN_STYLE = Automatic;
				INFOPLIST_FILE = SnapshotTests/Info.plist;
				IPHONEOS_DEPLOYMENT_TARGET = 14.4;
				LD_RUNPATH_SEARCH_PATHS = (
					"$(inherited)",
					"@executable_path/Frameworks",
					"@loader_path/Frameworks",
				);
				PRODUCT_BUNDLE_IDENTIFIER = benshare.SnapshotTests;
				PRODUCT_NAME = "$(TARGET_NAME)";
				SWIFT_VERSION = 5.0;
				TARGETED_DEVICE_FAMILY = "1,2";
				TEST_HOST = "$(BUILT_PRODUCTS_DIR)/Snapshot.app/Snapshot";
			};
			name = Release;
		};
		79E783AD25C9493D002DC72C /* Debug */ = {
			isa = XCBuildConfiguration;
			baseConfigurationReference = 0AA9B7E3558275203426D7F5 /* Pods-Snapshot-SnapshotUITests.debug.xcconfig */;
			buildSettings = {
				ALWAYS_EMBED_SWIFT_STANDARD_LIBRARIES = YES;
				CODE_SIGN_STYLE = Automatic;
				INFOPLIST_FILE = SnapshotUITests/Info.plist;
				LD_RUNPATH_SEARCH_PATHS = (
					"$(inherited)",
					"@executable_path/Frameworks",
					"@loader_path/Frameworks",
				);
				PRODUCT_BUNDLE_IDENTIFIER = benshare.SnapshotUITests;
				PRODUCT_NAME = "$(TARGET_NAME)";
				SWIFT_VERSION = 5.0;
				TARGETED_DEVICE_FAMILY = "1,2";
				TEST_TARGET_NAME = Snapshot;
			};
			name = Debug;
		};
		79E783AE25C9493D002DC72C /* Release */ = {
			isa = XCBuildConfiguration;
			baseConfigurationReference = 6C6B686C7C2FC70549AD0853 /* Pods-Snapshot-SnapshotUITests.release.xcconfig */;
			buildSettings = {
				ALWAYS_EMBED_SWIFT_STANDARD_LIBRARIES = YES;
				CODE_SIGN_STYLE = Automatic;
				INFOPLIST_FILE = SnapshotUITests/Info.plist;
				LD_RUNPATH_SEARCH_PATHS = (
					"$(inherited)",
					"@executable_path/Frameworks",
					"@loader_path/Frameworks",
				);
				PRODUCT_BUNDLE_IDENTIFIER = benshare.SnapshotUITests;
				PRODUCT_NAME = "$(TARGET_NAME)";
				SWIFT_VERSION = 5.0;
				TARGETED_DEVICE_FAMILY = "1,2";
				TEST_TARGET_NAME = Snapshot;
			};
			name = Release;
		};
/* End XCBuildConfiguration section */

/* Begin XCConfigurationList section */
		79E7837725C9493A002DC72C /* Build configuration list for PBXProject "Snapshot" */ = {
			isa = XCConfigurationList;
			buildConfigurations = (
				79E783A425C9493D002DC72C /* Debug */,
				79E783A525C9493D002DC72C /* Release */,
			);
			defaultConfigurationIsVisible = 0;
			defaultConfigurationName = Release;
		};
		79E783A625C9493D002DC72C /* Build configuration list for PBXNativeTarget "Snapshot" */ = {
			isa = XCConfigurationList;
			buildConfigurations = (
				79E783A725C9493D002DC72C /* Debug */,
				79E783A825C9493D002DC72C /* Release */,
			);
			defaultConfigurationIsVisible = 0;
			defaultConfigurationName = Release;
		};
		79E783A925C9493D002DC72C /* Build configuration list for PBXNativeTarget "SnapshotTests" */ = {
			isa = XCConfigurationList;
			buildConfigurations = (
				79E783AA25C9493D002DC72C /* Debug */,
				79E783AB25C9493D002DC72C /* Release */,
			);
			defaultConfigurationIsVisible = 0;
			defaultConfigurationName = Release;
		};
		79E783AC25C9493D002DC72C /* Build configuration list for PBXNativeTarget "SnapshotUITests" */ = {
			isa = XCConfigurationList;
			buildConfigurations = (
				79E783AD25C9493D002DC72C /* Debug */,
				79E783AE25C9493D002DC72C /* Release */,
			);
			defaultConfigurationIsVisible = 0;
			defaultConfigurationName = Release;
		};
/* End XCConfigurationList section */
	};
	rootObject = 79E7837425C9493A002DC72C /* Project object */;
}
